
Microsoft Visual Studio Solution File, Format Version 12.00
# Visual Studio 15
VisualStudioVersion = 15.0.28307.960
MinimumVisualStudioVersion = 10.0.40219.1
Project("{FAE04EC0-301F-11D3-BF4B-00C04F79EFBC}") = "FastReplacer", "FastReplacer\FastReplacer.csproj", "{5FEDDB8A-0C78-4327-A067-F9B7920F92BA}"
EndProject
Global
	GlobalSection(SolutionConfigurationPlatforms) = preSolution
		Debug|Any CPU = Debug|Any CPU
		Release|Any CPU = Release|Any CPU
	EndGlobalSection
	GlobalSection(ProjectConfigurationPlatforms) = postSolution
		{5FEDDB8A-0C78-4327-A067-F9B7920F92BA}.Debug|Any CPU.ActiveCfg = Debug|Any CPU
		{5FEDDB8A-0C78-4327-A067-F9B7920F92BA}.Debug|Any CPU.Build.0 = Debug|Any CPU
		{5FEDDB8A-0C78-4327-A067-F9B7920F92BA}.Release|Any CPU.ActiveCfg = Release|Any CPU
		{5FEDDB8A-0C78-4327-A067-F9B7920F92BA}.Release|Any CPU.Build.0 = Release|Any CPU
	EndGlobalSection
	GlobalSection(SolutionProperties) = preSolution
		HideSolutionNode = FALSE
	EndGlobalSection
	GlobalSection(ExtensibilityGlobals) = postSolution
		SolutionGuid = {99A2EF7C-A427-4120-ABC7-33B0F49A16F5}
	EndGlobalSection
EndGlobal
